
Microsoft Visual Studio Solution File, Format Version 12.00
# Visual Studio Version 16
VisualStudioVersion = 16.0.30804.86
MinimumVisualStudioVersion = 10.0.40219.1
Project("{2150E333-8FDC-42A3-9474-1A3956D46DE8}") = "ConnectedCellsInAGrid", "ConnectedCellsInAGrid", "{26017942-1770-45C7-9D6F-47CFB9DE333D}"
EndProject
Project("{FAE04EC0-301F-11D3-BF4B-00C04F79EFBC}") = "ConnectedCellsInAGrid", "ConnectedCellsInAGrid\ConnectedCellsInAGrid\ConnectedCellsInAGrid.csproj", "{465256F9-520B-4207-AA5D-9267680E55CD}"
EndProject
Project("{FAE04EC0-301F-11D3-BF4B-00C04F79EFBC}") = "UnitTestProject1", "ConnectedCellsInAGrid\ConnectedCellsInAGridTest\UnitTestProject1.csproj", "{4F1B7723-6F56-4590-B8AC-FEC6BF4EBCFE}"
EndProject
Global
	GlobalSection(SolutionConfigurationPlatforms) = preSolution
		Debug|Any CPU = Debug|Any CPU
		Release|Any CPU = Release|Any CPU
	EndGlobalSection
	GlobalSection(ProjectConfigurationPlatforms) = postSolution
		{465256F9-520B-4207-AA5D-9267680E55CD}.Debug|Any CPU.ActiveCfg = Debug|Any CPU
		{465256F9-520B-4207-AA5D-9267680E55CD}.Debug|Any CPU.Build.0 = Debug|Any CPU
		{465256F9-520B-4207-AA5D-9267680E55CD}.Release|Any CPU.ActiveCfg = Release|Any CPU
		{465256F9-520B-4207-AA5D-9267680E55CD}.Release|Any CPU.Build.0 = Release|Any CPU
		{4F1B7723-6F56-4590-B8AC-FEC6BF4EBCFE}.Debug|Any CPU.ActiveCfg = Debug|Any CPU
		{4F1B7723-6F56-4590-B8AC-FEC6BF4EBCFE}.Debug|Any CPU.Build.0 = Debug|Any CPU
		{4F1B7723-6F56-4590-B8AC-FEC6BF4EBCFE}.Release|Any CPU.ActiveCfg = Release|Any CPU
		{4F1B7723-6F56-4590-B8AC-FEC6BF4EBCFE}.Release|Any CPU.Build.0 = Release|Any CPU
	EndGlobalSection
	GlobalSection(SolutionProperties) = preSolution
		HideSolutionNode = FALSE
	EndGlobalSection
	GlobalSection(NestedProjects) = preSolution
		{465256F9-520B-4207-AA5D-9267680E55CD} = {26017942-1770-45C7-9D6F-47CFB9DE333D}
		{4F1B7723-6F56-4590-B8AC-FEC6BF4EBCFE} = {26017942-1770-45C7-9D6F-47CFB9DE333D}
	EndGlobalSection
	GlobalSection(ExtensibilityGlobals) = postSolution
		SolutionGuid = {401DB138-CD5E-43C6-90F1-E19B19421773}
	EndGlobalSection
EndGlobal
