
Microsoft Visual Studio Solution File, Format Version 12.00
# Visual Studio Version 16
VisualStudioVersion = 16.0.30804.86
MinimumVisualStudioVersion = 10.0.40219.1
Project("{FAE04EC0-301F-11D3-BF4B-00C04F79EFBC}") = "ConnectedCellsInAGrid", "ConnectedCellsInAGrid\ConnectedCellsInAGrid.csproj", "{465256F9-520B-4207-AA5D-9267680E55CD}"
EndProject
Project("{FAE04EC0-301F-11D3-BF4B-00C04F79EFBC}") = "UnitTestProject1", "UnitTestProject1\UnitTestProject1.csproj", "{4F1B7723-6F56-4590-B8AC-FEC6BF4EBCFE}"
EndProject
Global
	GlobalSection(SolutionConfigurationPlatforms) = preSolution
		Debug|Any CPU = Debug|Any CPU
		Release|Any CPU = Release|Any CPU
	EndGlobalSection
	GlobalSection(ProjectConfigurationPlatforms) = postSolution
		{465256F9-520B-4207-AA5D-9267680E55CD}.Debug|Any CPU.ActiveCfg = Debug|Any CPU
		{465256F9-520B-4207-AA5D-9267680E55CD}.Debug|Any CPU.Build.0 = Debug|Any CPU
		{465256F9-520B-4207-AA5D-9267680E55CD}.Release|Any CPU.ActiveCfg = Release|Any CPU
		{465256F9-520B-4207-AA5D-9267680E55CD}.Release|Any CPU.Build.0 = Release|Any CPU
		{4F1B7723-6F56-4590-B8AC-FEC6BF4EBCFE}.Debug|Any CPU.ActiveCfg = Debug|Any CPU
		{4F1B7723-6F56-4590-B8AC-FEC6BF4EBCFE}.Debug|Any CPU.Build.0 = Debug|Any CPU
		{4F1B7723-6F56-4590-B8AC-FEC6BF4EBCFE}.Release|Any CPU.ActiveCfg = Release|Any CPU
		{4F1B7723-6F56-4590-B8AC-FEC6BF4EBCFE}.Release|Any CPU.Build.0 = Release|Any CPU
	EndGlobalSection
	GlobalSection(SolutionProperties) = preSolution
		HideSolutionNode = FALSE
	EndGlobalSection
	GlobalSection(ExtensibilityGlobals) = postSolution
		SolutionGuid = {4B9F98B7-B19F-47FF-A1E1-BDB2844BCEED}
	EndGlobalSection
EndGlobal
