
Microsoft Visual Studio Solution File, Format Version 12.00
# Visual Studio Version 16
VisualStudioVersion = 16.0.30804.86
MinimumVisualStudioVersion = 10.0.40219.1
Project("{FAE04EC0-301F-11D3-BF4B-00C04F79EFBC}") = "DeterminingDNAHealthLib", "DeterminingDNAHealthLib\DeterminingDNAHealthLib.csproj", "{849AC9B9-822D-49E0-A1D1-AF8B6A1BD9DB}"
EndProject
Project("{FAE04EC0-301F-11D3-BF4B-00C04F79EFBC}") = "DeterminingDNAHealthTest", "DeterminingDNAHealthTest\DeterminingDNAHealthTest.csproj", "{172913AD-752C-41B9-BC47-57EED006C788}"
EndProject
Global
	GlobalSection(SolutionConfigurationPlatforms) = preSolution
		Debug|Any CPU = Debug|Any CPU
		Release|Any CPU = Release|Any CPU
	EndGlobalSection
	GlobalSection(ProjectConfigurationPlatforms) = postSolution
		{849AC9B9-822D-49E0-A1D1-AF8B6A1BD9DB}.Debug|Any CPU.ActiveCfg = Debug|Any CPU
		{849AC9B9-822D-49E0-A1D1-AF8B6A1BD9DB}.Debug|Any CPU.Build.0 = Debug|Any CPU
		{849AC9B9-822D-49E0-A1D1-AF8B6A1BD9DB}.Release|Any CPU.ActiveCfg = Release|Any CPU
		{849AC9B9-822D-49E0-A1D1-AF8B6A1BD9DB}.Release|Any CPU.Build.0 = Release|Any CPU
		{172913AD-752C-41B9-BC47-57EED006C788}.Debug|Any CPU.ActiveCfg = Debug|Any CPU
		{172913AD-752C-41B9-BC47-57EED006C788}.Debug|Any CPU.Build.0 = Debug|Any CPU
		{172913AD-752C-41B9-BC47-57EED006C788}.Release|Any CPU.ActiveCfg = Release|Any CPU
		{172913AD-752C-41B9-BC47-57EED006C788}.Release|Any CPU.Build.0 = Release|Any CPU
	EndGlobalSection
	GlobalSection(SolutionProperties) = preSolution
		HideSolutionNode = FALSE
	EndGlobalSection
	GlobalSection(ExtensibilityGlobals) = postSolution
		SolutionGuid = {397A3F6E-9869-4782-9D4B-A5C50FF48123}
	EndGlobalSection
EndGlobal
